
Microsoft Visual Studio Solution File, Format Version 12.00
# Visual Studio Version 17
VisualStudioVersion = 17.0.32112.339
MinimumVisualStudioVersion = 10.0.40219.1
Project("{9A19103F-16F7-4668-BE54-9A1E7A4F7556}") = "GenericsHomework", "GenericsHomework\GenericsHomework.csproj", "{BCE0CBB9-9671-4362-8BE3-E4B1F9DDB751}"
EndProject
Project("{FAE04EC0-301F-11D3-BF4B-00C04F79EFBC}") = "GenericsHomeworkTest", "GenericsHomeworkTest\GenericsHomeworkTest.csproj", "{D4963D8A-5BB5-4094-B505-7D2ABC4FB17A}"
EndProject
Global
	GlobalSection(SolutionConfigurationPlatforms) = preSolution
		Debug|Any CPU = Debug|Any CPU
		Release|Any CPU = Release|Any CPU
	EndGlobalSection
	GlobalSection(ProjectConfigurationPlatforms) = postSolution
		{BCE0CBB9-9671-4362-8BE3-E4B1F9DDB751}.Debug|Any CPU.ActiveCfg = Debug|Any CPU
		{BCE0CBB9-9671-4362-8BE3-E4B1F9DDB751}.Debug|Any CPU.Build.0 = Debug|Any CPU
		{BCE0CBB9-9671-4362-8BE3-E4B1F9DDB751}.Release|Any CPU.ActiveCfg = Release|Any CPU
		{BCE0CBB9-9671-4362-8BE3-E4B1F9DDB751}.Release|Any CPU.Build.0 = Release|Any CPU
		{D4963D8A-5BB5-4094-B505-7D2ABC4FB17A}.Debug|Any CPU.ActiveCfg = Debug|Any CPU
		{D4963D8A-5BB5-4094-B505-7D2ABC4FB17A}.Debug|Any CPU.Build.0 = Debug|Any CPU
		{D4963D8A-5BB5-4094-B505-7D2ABC4FB17A}.Release|Any CPU.ActiveCfg = Release|Any CPU
		{D4963D8A-5BB5-4094-B505-7D2ABC4FB17A}.Release|Any CPU.Build.0 = Release|Any CPU
	EndGlobalSection
	GlobalSection(SolutionProperties) = preSolution
		HideSolutionNode = FALSE
	EndGlobalSection
	GlobalSection(ExtensibilityGlobals) = postSolution
		SolutionGuid = {3C9EB395-66A3-476B-A29B-58A06CE6B930}
	EndGlobalSection
EndGlobal
